
Microsoft Visual Studio Solution File, Format Version 12.00
# Visual Studio Version 17
VisualStudioVersion = 17.9.34728.123
MinimumVisualStudioVersion = 10.0.40219.1
Project("{9A19103F-16F7-4668-BE54-9A1E7A4F7556}") = "empclient", "empclient.csproj", "{67890C6B-FF37-4848-95C3-4AC8697EB017}"
EndProject
Global
	GlobalSection(SolutionConfigurationPlatforms) = preSolution
		Debug|Any CPU = Debug|Any CPU
		Release|Any CPU = Release|Any CPU
	EndGlobalSection
	GlobalSection(ProjectConfigurationPlatforms) = postSolution
		{67890C6B-FF37-4848-95C3-4AC8697EB017}.Debug|Any CPU.ActiveCfg = Debug|Any CPU
		{67890C6B-FF37-4848-95C3-4AC8697EB017}.Debug|Any CPU.Build.0 = Debug|Any CPU
		{67890C6B-FF37-4848-95C3-4AC8697EB017}.Release|Any CPU.ActiveCfg = Release|Any CPU
		{67890C6B-FF37-4848-95C3-4AC8697EB017}.Release|Any CPU.Build.0 = Release|Any CPU
	EndGlobalSection
	GlobalSection(SolutionProperties) = preSolution
		HideSolutionNode = FALSE
	EndGlobalSection
	GlobalSection(ExtensibilityGlobals) = postSolution
		SolutionGuid = {1DAAF669-C5A4-4D90-99AF-65297BFE9797}
	EndGlobalSection
EndGlobal
