
Microsoft Visual Studio Solution File, Format Version 12.00
# Visual Studio Version 17
VisualStudioVersion = 17.11.35312.102
MinimumVisualStudioVersion = 10.0.40219.1
Project("{FAE04EC0-301F-11D3-BF4B-00C04F79EFBC}") = "ITServiceBusTopicTrigger", "ITServiceBusTopicTrigger.csproj", "{823290E2-5A5B-415F-AA26-94C1E7195B05}"
EndProject
Global
	GlobalSection(SolutionConfigurationPlatforms) = preSolution
		Debug|Any CPU = Debug|Any CPU
		Release|Any CPU = Release|Any CPU
	EndGlobalSection
	GlobalSection(ProjectConfigurationPlatforms) = postSolution
		{823290E2-5A5B-415F-AA26-94C1E7195B05}.Debug|Any CPU.ActiveCfg = Debug|Any CPU
		{823290E2-5A5B-415F-AA26-94C1E7195B05}.Debug|Any CPU.Build.0 = Debug|Any CPU
		{823290E2-5A5B-415F-AA26-94C1E7195B05}.Release|Any CPU.ActiveCfg = Release|Any CPU
		{823290E2-5A5B-415F-AA26-94C1E7195B05}.Release|Any CPU.Build.0 = Release|Any CPU
	EndGlobalSection
	GlobalSection(SolutionProperties) = preSolution
		HideSolutionNode = FALSE
	EndGlobalSection
	GlobalSection(ExtensibilityGlobals) = postSolution
		SolutionGuid = {611512A6-FBCC-471E-BC6E-963B84F8E9D5}
	EndGlobalSection
EndGlobal
